PODS:
  - Alamofire (4.9.0)
  - Player (0.13.1)
  - SDWebImage (5.2.3):
    - SDWebImage/Core (= 5.2.3)
  - SDWebImage/Core (5.2.3)

DEPENDENCIES:
  - Alamofire (= 4.9.0)
  - Player (~> 0.13.0)
  - SDWebImage (~> 5.0)

SPEC REPOS:
  trunk:
    - Alamofire
    - Player
    - SDWebImage

SPEC CHECKSUMS:
  Alamofire: afc3e7c6db61476cb45cdd23fed06bad03bbc321
  Player: 29186e0d557898b0ebdab42d2e1b47e615838156
  SDWebImage: 46a7f73228f84ce80990c786e4372cf4db5875ce

PODFILE CHECKSUM: 2da8318e34304de8d76422bd50f025685503d322

COCOAPODS: 1.8.4
