PODS:
  - Alamofire (4.9.0)
  - Player (0.13.1)
  - Unbox (2.5.0)
  - UnboxedAlamofire (2.0.4):
    - Alamofire (~> 4.1)
    - Unbox (~> 2.0)

DEPENDENCIES:
  - Alamofire (= 4.9.0)
  - Player (~> 0.13.0)
  - UnboxedAlamofire

SPEC REPOS:
  trunk:
    - Alamofire
    - Player
    - Unbox
    - UnboxedAlamofire

SPEC CHECKSUMS:
  Alamofire: afc3e7c6db61476cb45cdd23fed06bad03bbc321
  Player: 29186e0d557898b0ebdab42d2e1b47e615838156
  Unbox: 30e437e6151a6de16139375fd4e8dd9a664cfbf7
  UnboxedAlamofire: e803f471553e3aecec711f5d50f80cda6c65feaa

PODFILE CHECKSUM: 305867e3b19d3620ede3b319f5fff63cc71acb31

COCOAPODS: 1.8.4
