// !$*UTF8*$!
{
	archiveVersion = 1;
	classes = {
	};
	objectVersion = 51;
	objects = {

/* Begin PBXBuildFile section */
		031906612359D576001CA6CA /* AppDelegate.swift in Sources */ = {isa = PBXBuildFile; fileRef = 031906602359D576001CA6CA /* AppDelegate.swift */; };
		031906632359D576001CA6CA /* SceneDelegate.swift in Sources */ = {isa = PBXBuildFile; fileRef = 031906622359D576001CA6CA /* SceneDelegate.swift */; };
		031906682359D576001CA6CA /* Main.storyboard in Resources */ = {isa = PBXBuildFile; fileRef = 031906662359D576001CA6CA /* Main.storyboard */; };
		0319066A2359D578001CA6CA /* Assets.xcassets in Resources */ = {isa = PBXBuildFile; fileRef = 031906692359D578001CA6CA /* Assets.xcassets */; };
		0319066D2359D578001CA6CA /* LaunchScreen.storyboard in Resources */ = {isa = PBXBuildFile; fileRef = 0319066B2359D578001CA6CA /* LaunchScreen.storyboard */; };
		0319067E2359D7B7001CA6CA /* ServiceProvider.swift in Sources */ = {isa = PBXBuildFile; fileRef = 0319067D2359D7B7001CA6CA /* ServiceProvider.swift */; };
		031906802359D890001CA6CA /* PostsService.swift in Sources */ = {isa = PBXBuildFile; fileRef = 0319067F2359D890001CA6CA /* PostsService.swift */; };
		031906822359D89E001CA6CA /* BoxesService.swift in Sources */ = {isa = PBXBuildFile; fileRef = 031906812359D89E001CA6CA /* BoxesService.swift */; };
		0319068C2359D9AD001CA6CA /* BasicService.swift in Sources */ = {isa = PBXBuildFile; fileRef = 0319068B2359D9AD001CA6CA /* BasicService.swift */; };
		0319068E2359D9D7001CA6CA /* IPostsService.swift in Sources */ = {isa = PBXBuildFile; fileRef = 0319068D2359D9D7001CA6CA /* IPostsService.swift */; };
		031906912359D9F9001CA6CA /* IBoxesService.swift in Sources */ = {isa = PBXBuildFile; fileRef = 031906902359D9F9001CA6CA /* IBoxesService.swift */; };
		03225D5A2365AC6E00025B29 /* Closures.swift in Sources */ = {isa = PBXBuildFile; fileRef = 03225D592365AC6E00025B29 /* Closures.swift */; };
		03225D5C2365ED6E00025B29 /* DataRequest+Logs.swift in Sources */ = {isa = PBXBuildFile; fileRef = 03225D5B2365ED6E00025B29 /* DataRequest+Logs.swift */; };
		03225D602365F45400025B29 /* FeedBoxTableViewCell.xib in Resources */ = {isa = PBXBuildFile; fileRef = 03225D5F2365F45400025B29 /* FeedBoxTableViewCell.xib */; };
		034BA07E23641D5C009B06FA /* ActionView.swift in Sources */ = {isa = PBXBuildFile; fileRef = 034BA07D23641D5C009B06FA /* ActionView.swift */; };
		034BA08023642F14009B06FA /* ActionView.xib in Resources */ = {isa = PBXBuildFile; fileRef = 034BA07F23642F14009B06FA /* ActionView.xib */; };
		034BA082236435D1009B06FA /* ViewFromNib.swift in Sources */ = {isa = PBXBuildFile; fileRef = 034BA081236435D1009B06FA /* ViewFromNib.swift */; };
		03607E43236D9573009EEB68 /* BoxesViewController.swift in Sources */ = {isa = PBXBuildFile; fileRef = 03607E42236D9573009EEB68 /* BoxesViewController.swift */; };
		03607E45236D9589009EEB68 /* BoxesPresentationModel.swift in Sources */ = {isa = PBXBuildFile; fileRef = 03607E44236D9589009EEB68 /* BoxesPresentationModel.swift */; };
		03607E47236DC183009EEB68 /* BoxesViewProtocol.swift in Sources */ = {isa = PBXBuildFile; fileRef = 03607E46236DC183009EEB68 /* BoxesViewProtocol.swift */; };
		03607E49236DC27D009EEB68 /* IBoxesPresentationModel.swift in Sources */ = {isa = PBXBuildFile; fileRef = 03607E48236DC27D009EEB68 /* IBoxesPresentationModel.swift */; };
		03CBD208235AC210001E1FFD /* VideoSessionManager.swift in Sources */ = {isa = PBXBuildFile; fileRef = 03CBD207235AC210001E1FFD /* VideoSessionManager.swift */; };
		03CBD20A235ACA15001E1FFD /* AdPost.swift in Sources */ = {isa = PBXBuildFile; fileRef = 03CBD209235ACA15001E1FFD /* AdPost.swift */; };
		03CBD20C235ACF16001E1FFD /* IPost.swift in Sources */ = {isa = PBXBuildFile; fileRef = 03CBD20B235ACF16001E1FFD /* IPost.swift */; };
		03CBD20E235ACF2C001E1FFD /* IContentPost.swift in Sources */ = {isa = PBXBuildFile; fileRef = 03CBD20D235ACF2C001E1FFD /* IContentPost.swift */; };
		03CBD210235ACF46001E1FFD /* IBoxPost.swift in Sources */ = {isa = PBXBuildFile; fileRef = 03CBD20F235ACF46001E1FFD /* IBoxPost.swift */; };
		03CBD213235ACF6D001E1FFD /* ContentPost.swift in Sources */ = {isa = PBXBuildFile; fileRef = 03CBD212235ACF6D001E1FFD /* ContentPost.swift */; };
		03CBD215235ACF78001E1FFD /* BoxPost.swift in Sources */ = {isa = PBXBuildFile; fileRef = 03CBD214235ACF78001E1FFD /* BoxPost.swift */; };
		03CBD225235B2561001E1FFD /* FeedEntity.swift in Sources */ = {isa = PBXBuildFile; fileRef = 03CBD218235B2561001E1FFD /* FeedEntity.swift */; };
		03CBD226235B2561001E1FFD /* FeedAssembly.swift in Sources */ = {isa = PBXBuildFile; fileRef = 03CBD21A235B2561001E1FFD /* FeedAssembly.swift */; };
		03CBD227235B2561001E1FFD /* FeedPresentationModel.swift in Sources */ = {isa = PBXBuildFile; fileRef = 03CBD21C235B2561001E1FFD /* FeedPresentationModel.swift */; };
		03CBD228235B2561001E1FFD /* FeedPresentationModelProtocols.swift in Sources */ = {isa = PBXBuildFile; fileRef = 03CBD21D235B2561001E1FFD /* FeedPresentationModelProtocols.swift */; };
		03CBD229235B2561001E1FFD /* FeedViewProtocols.swift in Sources */ = {isa = PBXBuildFile; fileRef = 03CBD220235B2561001E1FFD /* FeedViewProtocols.swift */; };
		03CBD22A235B2561001E1FFD /* FeedViewController.swift in Sources */ = {isa = PBXBuildFile; fileRef = 03CBD221235B2561001E1FFD /* FeedViewController.swift */; };
		03CBD22F235B2765001E1FFD /* FeedAdsTableViewCell.swift in Sources */ = {isa = PBXBuildFile; fileRef = 03CBD22E235B2765001E1FFD /* FeedAdsTableViewCell.swift */; };
		03CBD231235B277D001E1FFD /* FeedAdsTableViewCell.xib in Resources */ = {isa = PBXBuildFile; fileRef = 03CBD230235B277D001E1FFD /* FeedAdsTableViewCell.xib */; };
		03CBD234235B2803001E1FFD /* FeedContentTableViewCell.swift in Sources */ = {isa = PBXBuildFile; fileRef = 03CBD232235B2803001E1FFD /* FeedContentTableViewCell.swift */; };
		03CBD235235B2803001E1FFD /* FeedContentTableViewCell.xib in Resources */ = {isa = PBXBuildFile; fileRef = 03CBD233235B2803001E1FFD /* FeedContentTableViewCell.xib */; };
		03CBD237235B295E001E1FFD /* FeedBoxTableViewCell.swift in Sources */ = {isa = PBXBuildFile; fileRef = 03CBD236235B295E001E1FFD /* FeedBoxTableViewCell.swift */; };
		03DC3D16235CA15D009EC246 /* TableViewHelper.swift in Sources */ = {isa = PBXBuildFile; fileRef = 03DC3D15235CA15D009EC246 /* TableViewHelper.swift */; };
		03DC3D1B235DE3DE009EC246 /* ASVideoLayerObject.swift in Sources */ = {isa = PBXBuildFile; fileRef = 03DC3D18235DE3DE009EC246 /* ASVideoLayerObject.swift */; };
		03DC3D1C235DE3DE009EC246 /* ASVideoPlayerController.swift in Sources */ = {isa = PBXBuildFile; fileRef = 03DC3D19235DE3DE009EC246 /* ASVideoPlayerController.swift */; };
		03DC3D1D235DE3DE009EC246 /* ASVideoContainer.swift in Sources */ = {isa = PBXBuildFile; fileRef = 03DC3D1A235DE3DE009EC246 /* ASVideoContainer.swift */; };
		FACA396843E4061581234D83 /* Pods_videoApp.framework in Frameworks */ = {isa = PBXBuildFile; fileRef = 2468ED921B45B3F4DD66CD1D /* Pods_videoApp.framework */; };
/* End PBXBuildFile section */

/* Begin PBXFileReference section */
		0319065D2359D576001CA6CA /* videoApp.app */ = {isa = PBXFileReference; explicitFileType = wrapper.application; includeInIndex = 0; path = videoApp.app; sourceTree = BUILT_PRODUCTS_DIR; };
		031906602359D576001CA6CA /* AppDelegate.swift */ = {isa = PBXFileReference; lastKnownFileType = sourcecode.swift; path = AppDelegate.swift; sourceTree = "<group>"; };
		031906622359D576001CA6CA /* SceneDelegate.swift */ = {isa = PBXFileReference; lastKnownFileType = sourcecode.swift; path = SceneDelegate.swift; sourceTree = "<group>"; };
		031906672359D576001CA6CA /* Base */ = {isa = PBXFileReference; lastKnownFileType = file.storyboard; name = Base; path = Base.lproj/Main.storyboard; sourceTree = "<group>"; };
		031906692359D578001CA6CA /* Assets.xcassets */ = {isa = PBXFileReference; lastKnownFileType = folder.assetcatalog; path = Assets.xcassets; sourceTree = "<group>"; };
		0319066C2359D578001CA6CA /* Base */ = {isa = PBXFileReference; lastKnownFileType = file.storyboard; name = Base; path = Base.lproj/LaunchScreen.storyboard; sourceTree = "<group>"; };
		0319066E2359D578001CA6CA /* Info.plist */ = {isa = PBXFileReference; lastKnownFileType = text.plist.xml; path = Info.plist; sourceTree = "<group>"; };
		0319067D2359D7B7001CA6CA /* ServiceProvider.swift */ = {isa = PBXFileReference; lastKnownFileType = sourcecode.swift; path = ServiceProvider.swift; sourceTree = "<group>"; };
		0319067F2359D890001CA6CA /* PostsService.swift */ = {isa = PBXFileReference; lastKnownFileType = sourcecode.swift; path = PostsService.swift; sourceTree = "<group>"; };
		031906812359D89E001CA6CA /* BoxesService.swift */ = {isa = PBXFileReference; lastKnownFileType = sourcecode.swift; path = BoxesService.swift; sourceTree = "<group>"; };
		0319068B2359D9AD001CA6CA /* BasicService.swift */ = {isa = PBXFileReference; lastKnownFileType = sourcecode.swift; path = BasicService.swift; sourceTree = "<group>"; };
		0319068D2359D9D7001CA6CA /* IPostsService.swift */ = {isa = PBXFileReference; lastKnownFileType = sourcecode.swift; path = IPostsService.swift; sourceTree = "<group>"; };
		031906902359D9F9001CA6CA /* IBoxesService.swift */ = {isa = PBXFileReference; lastKnownFileType = sourcecode.swift; path = IBoxesService.swift; sourceTree = "<group>"; };
		03225D592365AC6E00025B29 /* Closures.swift */ = {isa = PBXFileReference; lastKnownFileType = sourcecode.swift; path = Closures.swift; sourceTree = "<group>"; };
		03225D5B2365ED6E00025B29 /* DataRequest+Logs.swift */ = {isa = PBXFileReference; lastKnownFileType = sourcecode.swift; path = "DataRequest+Logs.swift"; sourceTree = "<group>"; };
		03225D5F2365F45400025B29 /* FeedBoxTableViewCell.xib */ = {isa = PBXFileReference; lastKnownFileType = file.xib; path = FeedBoxTableViewCell.xib; sourceTree = "<group>"; };
		034BA07D23641D5C009B06FA /* ActionView.swift */ = {isa = PBXFileReference; lastKnownFileType = sourcecode.swift; path = ActionView.swift; sourceTree = "<group>"; };
		034BA07F23642F14009B06FA /* ActionView.xib */ = {isa = PBXFileReference; lastKnownFileType = file.xib; path = ActionView.xib; sourceTree = "<group>"; };
		034BA081236435D1009B06FA /* ViewFromNib.swift */ = {isa = PBXFileReference; lastKnownFileType = sourcecode.swift; path = ViewFromNib.swift; sourceTree = "<group>"; };
		03607E42236D9573009EEB68 /* BoxesViewController.swift */ = {isa = PBXFileReference; lastKnownFileType = sourcecode.swift; path = BoxesViewController.swift; sourceTree = "<group>"; };
		03607E44236D9589009EEB68 /* BoxesPresentationModel.swift */ = {isa = PBXFileReference; lastKnownFileType = sourcecode.swift; path = BoxesPresentationModel.swift; sourceTree = "<group>"; };
		03607E46236DC183009EEB68 /* BoxesViewProtocol.swift */ = {isa = PBXFileReference; lastKnownFileType = sourcecode.swift; path = BoxesViewProtocol.swift; sourceTree = "<group>"; };
		03607E48236DC27D009EEB68 /* IBoxesPresentationModel.swift */ = {isa = PBXFileReference; lastKnownFileType = sourcecode.swift; path = IBoxesPresentationModel.swift; sourceTree = "<group>"; };
		03CBD207235AC210001E1FFD /* VideoSessionManager.swift */ = {isa = PBXFileReference; lastKnownFileType = sourcecode.swift; path = VideoSessionManager.swift; sourceTree = "<group>"; };
		03CBD209235ACA15001E1FFD /* AdPost.swift */ = {isa = PBXFileReference; lastKnownFileType = sourcecode.swift; path = AdPost.swift; sourceTree = "<group>"; };
		03CBD20B235ACF16001E1FFD /* IPost.swift */ = {isa = PBXFileReference; lastKnownFileType = sourcecode.swift; path = IPost.swift; sourceTree = "<group>"; };
		03CBD20D235ACF2C001E1FFD /* IContentPost.swift */ = {isa = PBXFileReference; lastKnownFileType = sourcecode.swift; path = IContentPost.swift; sourceTree = "<group>"; };
		03CBD20F235ACF46001E1FFD /* IBoxPost.swift */ = {isa = PBXFileReference; lastKnownFileType = sourcecode.swift; path = IBoxPost.swift; sourceTree = "<group>"; };
		03CBD212235ACF6D001E1FFD /* ContentPost.swift */ = {isa = PBXFileReference; lastKnownFileType = sourcecode.swift; path = ContentPost.swift; sourceTree = "<group>"; };
		03CBD214235ACF78001E1FFD /* BoxPost.swift */ = {isa = PBXFileReference; lastKnownFileType = sourcecode.swift; path = BoxPost.swift; sourceTree = "<group>"; };
		03CBD218235B2561001E1FFD /* FeedEntity.swift */ = {isa = PBXFileReference; fileEncoding = 4; lastKnownFileType = sourcecode.swift; path = FeedEntity.swift; sourceTree = "<group>"; };
		03CBD21A235B2561001E1FFD /* FeedAssembly.swift */ = {isa = PBXFileReference; fileEncoding = 4; lastKnownFileType = sourcecode.swift; path = FeedAssembly.swift; sourceTree = "<group>"; };
		03CBD21C235B2561001E1FFD /* FeedPresentationModel.swift */ = {isa = PBXFileReference; fileEncoding = 4; lastKnownFileType = sourcecode.swift; path = FeedPresentationModel.swift; sourceTree = "<group>"; };
		03CBD21D235B2561001E1FFD /* FeedPresentationModelProtocols.swift */ = {isa = PBXFileReference; fileEncoding = 4; lastKnownFileType = sourcecode.swift; path = FeedPresentationModelProtocols.swift; sourceTree = "<group>"; };
		03CBD220235B2561001E1FFD /* FeedViewProtocols.swift */ = {isa = PBXFileReference; fileEncoding = 4; lastKnownFileType = sourcecode.swift; path = FeedViewProtocols.swift; sourceTree = "<group>"; };
		03CBD221235B2561001E1FFD /* FeedViewController.swift */ = {isa = PBXFileReference; fileEncoding = 4; lastKnownFileType = sourcecode.swift; path = FeedViewController.swift; sourceTree = "<group>"; };
		03CBD22E235B2765001E1FFD /* FeedAdsTableViewCell.swift */ = {isa = PBXFileReference; lastKnownFileType = sourcecode.swift; path = FeedAdsTableViewCell.swift; sourceTree = "<group>"; };
		03CBD230235B277D001E1FFD /* FeedAdsTableViewCell.xib */ = {isa = PBXFileReference; lastKnownFileType = file.xib; path = FeedAdsTableViewCell.xib; sourceTree = "<group>"; };
		03CBD232235B2803001E1FFD /* FeedContentTableViewCell.swift */ = {isa = PBXFileReference; lastKnownFileType = sourcecode.swift; path = FeedContentTableViewCell.swift; sourceTree = "<group>"; };
		03CBD233235B2803001E1FFD /* FeedContentTableViewCell.xib */ = {isa = PBXFileReference; lastKnownFileType = file.xib; path = FeedContentTableViewCell.xib; sourceTree = "<group>"; };
		03CBD236235B295E001E1FFD /* FeedBoxTableViewCell.swift */ = {isa = PBXFileReference; lastKnownFileType = sourcecode.swift; path = FeedBoxTableViewCell.swift; sourceTree = "<group>"; };
		03DC3D15235CA15D009EC246 /* TableViewHelper.swift */ = {isa = PBXFileReference; lastKnownFileType = sourcecode.swift; path = TableViewHelper.swift; sourceTree = "<group>"; };
		03DC3D18235DE3DE009EC246 /* ASVideoLayerObject.swift */ = {isa = PBXFileReference; fileEncoding = 4; lastKnownFileType = sourcecode.swift; path = ASVideoLayerObject.swift; sourceTree = "<group>"; };
		03DC3D19235DE3DE009EC246 /* ASVideoPlayerController.swift */ = {isa = PBXFileReference; fileEncoding = 4; lastKnownFileType = sourcecode.swift; path = ASVideoPlayerController.swift; sourceTree = "<group>"; };
		03DC3D1A235DE3DE009EC246 /* ASVideoContainer.swift */ = {isa = PBXFileReference; fileEncoding = 4; lastKnownFileType = sourcecode.swift; path = ASVideoContainer.swift; sourceTree = "<group>"; };
		2468ED921B45B3F4DD66CD1D /* Pods_videoApp.framework */ = {isa = PBXFileReference; explicitFileType = wrapper.framework; includeInIndex = 0; path = Pods_videoApp.framework; sourceTree = BUILT_PRODUCTS_DIR; };
		9D54DE6D9D9D9E927B582868 /* Pods-videoApp.debug.xcconfig */ = {isa = PBXFileReference; includeInIndex = 1; lastKnownFileType = text.xcconfig; name = "Pods-videoApp.debug.xcconfig"; path = "Target Support Files/Pods-videoApp/Pods-videoApp.debug.xcconfig"; sourceTree = "<group>"; };
		BF1EAE35D74262E5AD5C7FC5 /* Pods-videoApp.release.xcconfig */ = {isa = PBXFileReference; includeInIndex = 1; lastKnownFileType = text.xcconfig; name = "Pods-videoApp.release.xcconfig"; path = "Target Support Files/Pods-videoApp/Pods-videoApp.release.xcconfig"; sourceTree = "<group>"; };
/* End PBXFileReference section */

/* Begin PBXFrameworksBuildPhase section */
		0319065A2359D576001CA6CA /* Frameworks */ = {
			isa = PBXFrameworksBuildPhase;
			buildActionMask = 2147483647;
			files = (
				FACA396843E4061581234D83 /* Pods_videoApp.framework in Frameworks */,
			);
			runOnlyForDeploymentPostprocessing = 0;
		};
/* End PBXFrameworksBuildPhase section */

/* Begin PBXGroup section */
		031906542359D576001CA6CA = {
			isa = PBXGroup;
			children = (
				0319065F2359D576001CA6CA /* videoApp */,
				0319065E2359D576001CA6CA /* Products */,
				B93CF451EC3363C0C6EF2ECE /* Pods */,
				23191A8342AC8CEFE39B1796 /* Frameworks */,
			);
			sourceTree = "<group>";
		};
		0319065E2359D576001CA6CA /* Products */ = {
			isa = PBXGroup;
			children = (
				0319065D2359D576001CA6CA /* videoApp.app */,
			);
			name = Products;
			sourceTree = "<group>";
		};
		0319065F2359D576001CA6CA /* videoApp */ = {
			isa = PBXGroup;
			children = (
				03DC3D17235DE3DE009EC246 /* VideoPlayLibrary */,
				031906752359D69E001CA6CA /* UI Layer */,
				031906742359D690001CA6CA /* Service Layer */,
				031906602359D576001CA6CA /* AppDelegate.swift */,
				031906622359D576001CA6CA /* SceneDelegate.swift */,
				031906662359D576001CA6CA /* Main.storyboard */,
				031906692359D578001CA6CA /* Assets.xcassets */,
				0319066B2359D578001CA6CA /* LaunchScreen.storyboard */,
				0319066E2359D578001CA6CA /* Info.plist */,
			);
			path = videoApp;
			sourceTree = "<group>";
		};
		031906742359D690001CA6CA /* Service Layer */ = {
			isa = PBXGroup;
			children = (
				0319067C2359D6F8001CA6CA /* Entities */,
				0319067B2359D6F1001CA6CA /* Services */,
				0319067D2359D7B7001CA6CA /* ServiceProvider.swift */,
				03CBD207235AC210001E1FFD /* VideoSessionManager.swift */,
			);
			path = "Service Layer";
			sourceTree = "<group>";
		};
		031906752359D69E001CA6CA /* UI Layer */ = {
			isa = PBXGroup;
			children = (
				03DC3D14235CA14C009EC246 /* Common */,
				03CBD216235B2561001E1FFD /* Feed */,
				0319067A2359D6E1001CA6CA /* Comments */,
				031906792359D6CB001CA6CA /* Boxes */,
				031906782359D6C3001CA6CA /* Auth */,
				031906772359D6BD001CA6CA /* Video */,
			);
			path = "UI Layer";
			sourceTree = "<group>";
		};
		031906772359D6BD001CA6CA /* Video */ = {
			isa = PBXGroup;
			children = (
			);
			path = Video;
			sourceTree = "<group>";
		};
		031906782359D6C3001CA6CA /* Auth */ = {
			isa = PBXGroup;
			children = (
			);
			path = Auth;
			sourceTree = "<group>";
		};
		031906792359D6CB001CA6CA /* Boxes */ = {
			isa = PBXGroup;
			children = (
				03607E46236DC183009EEB68 /* BoxesViewProtocol.swift */,
				03607E42236D9573009EEB68 /* BoxesViewController.swift */,
				03607E48236DC27D009EEB68 /* IBoxesPresentationModel.swift */,
				03607E44236D9589009EEB68 /* BoxesPresentationModel.swift */,
			);
			path = Boxes;
			sourceTree = "<group>";
		};
		0319067A2359D6E1001CA6CA /* Comments */ = {
			isa = PBXGroup;
			children = (
			);
			path = Comments;
			sourceTree = "<group>";
		};
		0319067B2359D6F1001CA6CA /* Services */ = {
			isa = PBXGroup;
			children = (
				03607E41236C6966009EEB68 /* Auth */,
				0319068F2359D9DF001CA6CA /* Posts */,
				031906922359DA04001CA6CA /* Boxes */,
				0319068B2359D9AD001CA6CA /* BasicService.swift */,
				03225D5B2365ED6E00025B29 /* DataRequest+Logs.swift */,
			);
			path = Services;
			sourceTree = "<group>";
		};
		0319067C2359D6F8001CA6CA /* Entities */ = {
			isa = PBXGroup;
			children = (
				03CBD211235ACF50001E1FFD /* Post */,
			);
			path = Entities;
			sourceTree = "<group>";
		};
		0319068F2359D9DF001CA6CA /* Posts */ = {
			isa = PBXGroup;
			children = (
				0319068D2359D9D7001CA6CA /* IPostsService.swift */,
				0319067F2359D890001CA6CA /* PostsService.swift */,
			);
			path = Posts;
			sourceTree = "<group>";
		};
		031906922359DA04001CA6CA /* Boxes */ = {
			isa = PBXGroup;
			children = (
				031906812359D89E001CA6CA /* BoxesService.swift */,
				031906902359D9F9001CA6CA /* IBoxesService.swift */,
			);
			path = Boxes;
			sourceTree = "<group>";
		};
		03607E41236C6966009EEB68 /* Auth */ = {
			isa = PBXGroup;
			children = (
			);
			path = Auth;
			sourceTree = "<group>";
		};
		03CBD211235ACF50001E1FFD /* Post */ = {
			isa = PBXGroup;
			children = (
				03CBD20B235ACF16001E1FFD /* IPost.swift */,
				03CBD209235ACA15001E1FFD /* AdPost.swift */,
				03CBD20D235ACF2C001E1FFD /* IContentPost.swift */,
				03CBD212235ACF6D001E1FFD /* ContentPost.swift */,
				03CBD20F235ACF46001E1FFD /* IBoxPost.swift */,
				03CBD214235ACF78001E1FFD /* BoxPost.swift */,
			);
			path = Post;
			sourceTree = "<group>";
		};
		03CBD216235B2561001E1FFD /* Feed */ = {
			isa = PBXGroup;
			children = (
				03CBD217235B2561001E1FFD /* Entity */,
				03CBD219235B2561001E1FFD /* Assembly */,
				03CBD21B235B2561001E1FFD /* PresentationModel */,
				03CBD21E235B2561001E1FFD /* View */,
			);
			path = Feed;
			sourceTree = "<group>";
		};
		03CBD217235B2561001E1FFD /* Entity */ = {
			isa = PBXGroup;
			children = (
				03CBD218235B2561001E1FFD /* FeedEntity.swift */,
			);
			path = Entity;
			sourceTree = "<group>";
		};
		03CBD219235B2561001E1FFD /* Assembly */ = {
			isa = PBXGroup;
			children = (
				03CBD21A235B2561001E1FFD /* FeedAssembly.swift */,
			);
			path = Assembly;
			sourceTree = "<group>";
		};
		03CBD21B235B2561001E1FFD /* PresentationModel */ = {
			isa = PBXGroup;
			children = (
				03CBD21C235B2561001E1FFD /* FeedPresentationModel.swift */,
				03CBD21D235B2561001E1FFD /* FeedPresentationModelProtocols.swift */,
			);
			path = PresentationModel;
			sourceTree = "<group>";
		};
		03CBD21E235B2561001E1FFD /* View */ = {
			isa = PBXGroup;
			children = (
				03CBD22D235B26A8001E1FFD /* Cells */,
				03CBD21F235B2561001E1FFD /* Controller */,
			);
			path = View;
			sourceTree = "<group>";
		};
		03CBD21F235B2561001E1FFD /* Controller */ = {
			isa = PBXGroup;
			children = (
				03CBD220235B2561001E1FFD /* FeedViewProtocols.swift */,
				03CBD221235B2561001E1FFD /* FeedViewController.swift */,
			);
			path = Controller;
			sourceTree = "<group>";
		};
		03CBD22D235B26A8001E1FFD /* Cells */ = {
			isa = PBXGroup;
			children = (
				03CBD22E235B2765001E1FFD /* FeedAdsTableViewCell.swift */,
				03CBD230235B277D001E1FFD /* FeedAdsTableViewCell.xib */,
				03CBD232235B2803001E1FFD /* FeedContentTableViewCell.swift */,
				03CBD233235B2803001E1FFD /* FeedContentTableViewCell.xib */,
				03CBD236235B295E001E1FFD /* FeedBoxTableViewCell.swift */,
				03225D5F2365F45400025B29 /* FeedBoxTableViewCell.xib */,
				034BA07D23641D5C009B06FA /* ActionView.swift */,
				034BA07F23642F14009B06FA /* ActionView.xib */,
			);
			path = Cells;
			sourceTree = "<group>";
		};
		03DC3D14235CA14C009EC246 /* Common */ = {
			isa = PBXGroup;
			children = (
				03DC3D15235CA15D009EC246 /* TableViewHelper.swift */,
				034BA081236435D1009B06FA /* ViewFromNib.swift */,
				03225D592365AC6E00025B29 /* Closures.swift */,
			);
			path = Common;
			sourceTree = "<group>";
		};
		03DC3D17235DE3DE009EC246 /* VideoPlayLibrary */ = {
			isa = PBXGroup;
			children = (
				03DC3D18235DE3DE009EC246 /* ASVideoLayerObject.swift */,
				03DC3D19235DE3DE009EC246 /* ASVideoPlayerController.swift */,
				03DC3D1A235DE3DE009EC246 /* ASVideoContainer.swift */,
			);
			path = VideoPlayLibrary;
			sourceTree = "<group>";
		};
		23191A8342AC8CEFE39B1796 /* Frameworks */ = {
			isa = PBXGroup;
			children = (
				2468ED921B45B3F4DD66CD1D /* Pods_videoApp.framework */,
			);
			name = Frameworks;
			sourceTree = "<group>";
		};
		B93CF451EC3363C0C6EF2ECE /* Pods */ = {
			isa = PBXGroup;
			children = (
				9D54DE6D9D9D9E927B582868 /* Pods-videoApp.debug.xcconfig */,
				BF1EAE35D74262E5AD5C7FC5 /* Pods-videoApp.release.xcconfig */,
			);
			path = Pods;
			sourceTree = "<group>";
		};
/* End PBXGroup section */

/* Begin PBXNativeTarget section */
		0319065C2359D576001CA6CA /* videoApp */ = {
			isa = PBXNativeTarget;
			buildConfigurationList = 031906712359D578001CA6CA /* Build configuration list for PBXNativeTarget "videoApp" */;
			buildPhases = (
				0EAE5FAEDEE029A01AA63006 /* [CP] Check Pods Manifest.lock */,
				031906592359D576001CA6CA /* Sources */,
				0319065A2359D576001CA6CA /* Frameworks */,
				0319065B2359D576001CA6CA /* Resources */,
				BCFBA5DC2FFBAC8D6C41B3B1 /* [CP] Embed Pods Frameworks */,
			);
			buildRules = (
			);
			dependencies = (
			);
			name = videoApp;
			productName = videoApp;
			productReference = 0319065D2359D576001CA6CA /* videoApp.app */;
			productType = "com.apple.product-type.application";
		};
/* End PBXNativeTarget section */

/* Begin PBXProject section */
		031906552359D576001CA6CA /* Project object */ = {
			isa = PBXProject;
			attributes = {
				LastSwiftUpdateCheck = 1100;
				LastUpgradeCheck = 1100;
				ORGANIZATIONNAME = "Olga Vorona";
				TargetAttributes = {
					0319065C2359D576001CA6CA = {
						CreatedOnToolsVersion = 11.0;
					};
				};
			};
			buildConfigurationList = 031906582359D576001CA6CA /* Build configuration list for PBXProject "videoApp" */;
			compatibilityVersion = "Xcode 9.3";
			developmentRegion = en;
			hasScannedForEncodings = 0;
			knownRegions = (
				en,
				Base,
			);
			mainGroup = 031906542359D576001CA6CA;
			productRefGroup = 0319065E2359D576001CA6CA /* Products */;
			projectDirPath = "";
			projectRoot = "";
			targets = (
				0319065C2359D576001CA6CA /* videoApp */,
			);
		};
/* End PBXProject section */

/* Begin PBXResourcesBuildPhase section */
		0319065B2359D576001CA6CA /* Resources */ = {
			isa = PBXResourcesBuildPhase;
			buildActionMask = 2147483647;
			files = (
				034BA08023642F14009B06FA /* ActionView.xib in Resources */,
				03CBD231235B277D001E1FFD /* FeedAdsTableViewCell.xib in Resources */,
				0319066D2359D578001CA6CA /* LaunchScreen.storyboard in Resources */,
				0319066A2359D578001CA6CA /* Assets.xcassets in Resources */,
				031906682359D576001CA6CA /* Main.storyboard in Resources */,
				03225D602365F45400025B29 /* FeedBoxTableViewCell.xib in Resources */,
				03CBD235235B2803001E1FFD /* FeedContentTableViewCell.xib in Resources */,
			);
			runOnlyForDeploymentPostprocessing = 0;
		};
/* End PBXResourcesBuildPhase section */

/* Begin PBXShellScriptBuildPhase section */
		0EAE5FAEDEE029A01AA63006 /* [CP] Check Pods Manifest.lock */ = {
			isa = PBXShellScriptBuildPhase;
			buildActionMask = 2147483647;
			files = (
			);
			inputFileListPaths = (
			);
			inputPaths = (
				"${PODS_PODFILE_DIR_PATH}/Podfile.lock",
				"${PODS_ROOT}/Manifest.lock",
			);
			name = "[CP] Check Pods Manifest.lock";
			outputFileListPaths = (
			);
			outputPaths = (
				"$(DERIVED_FILE_DIR)/Pods-videoApp-checkManifestLockResult.txt",
			);
			runOnlyForDeploymentPostprocessing = 0;
			shellPath = /bin/sh;
			shellScript = "diff \"${PODS_PODFILE_DIR_PATH}/Podfile.lock\" \"${PODS_ROOT}/Manifest.lock\" > /dev/null\nif [ $? != 0 ] ; then\n    # print error to STDERR\n    echo \"error: The sandbox is not in sync with the Podfile.lock. Run 'pod install' or update your CocoaPods installation.\" >&2\n    exit 1\nfi\n# This output is used by Xcode 'outputs' to avoid re-running this script phase.\necho \"SUCCESS\" > \"${SCRIPT_OUTPUT_FILE_0}\"\n";
			showEnvVarsInLog = 0;
		};
		BCFBA5DC2FFBAC8D6C41B3B1 /* [CP] Embed Pods Frameworks */ = {
			isa = PBXShellScriptBuildPhase;
			buildActionMask = 2147483647;
			files = (
			);
			inputFileListPaths = (
				"${PODS_ROOT}/Target Support Files/Pods-videoApp/Pods-videoApp-frameworks-${CONFIGURATION}-input-files.xcfilelist",
			);
			name = "[CP] Embed Pods Frameworks";
			outputFileListPaths = (
				"${PODS_ROOT}/Target Support Files/Pods-videoApp/Pods-videoApp-frameworks-${CONFIGURATION}-output-files.xcfilelist",
			);
			runOnlyForDeploymentPostprocessing = 0;
			shellPath = /bin/sh;
			shellScript = "\"${PODS_ROOT}/Target Support Files/Pods-videoApp/Pods-videoApp-frameworks.sh\"\n";
			showEnvVarsInLog = 0;
		};
/* End PBXShellScriptBuildPhase section */

/* Begin PBXSourcesBuildPhase section */
		031906592359D576001CA6CA /* Sources */ = {
			isa = PBXSourcesBuildPhase;
			buildActionMask = 2147483647;
			files = (
				03CBD228235B2561001E1FFD /* FeedPresentationModelProtocols.swift in Sources */,
				03607E43236D9573009EEB68 /* BoxesViewController.swift in Sources */,
				03CBD20C235ACF16001E1FFD /* IPost.swift in Sources */,
				03CBD22A235B2561001E1FFD /* FeedViewController.swift in Sources */,
				031906802359D890001CA6CA /* PostsService.swift in Sources */,
				0319067E2359D7B7001CA6CA /* ServiceProvider.swift in Sources */,
				03CBD227235B2561001E1FFD /* FeedPresentationModel.swift in Sources */,
				03CBD20E235ACF2C001E1FFD /* IContentPost.swift in Sources */,
				03CBD210235ACF46001E1FFD /* IBoxPost.swift in Sources */,
				03DC3D1C235DE3DE009EC246 /* ASVideoPlayerController.swift in Sources */,
				03607E47236DC183009EEB68 /* BoxesViewProtocol.swift in Sources */,
				031906822359D89E001CA6CA /* BoxesService.swift in Sources */,
				03607E45236D9589009EEB68 /* BoxesPresentationModel.swift in Sources */,
				03607E49236DC27D009EEB68 /* IBoxesPresentationModel.swift in Sources */,
				03CBD213235ACF6D001E1FFD /* ContentPost.swift in Sources */,
				03CBD229235B2561001E1FFD /* FeedViewProtocols.swift in Sources */,
				03CBD22F235B2765001E1FFD /* FeedAdsTableViewCell.swift in Sources */,
				0319068E2359D9D7001CA6CA /* IPostsService.swift in Sources */,
				03DC3D1D235DE3DE009EC246 /* ASVideoContainer.swift in Sources */,
				031906912359D9F9001CA6CA /* IBoxesService.swift in Sources */,
				03CBD225235B2561001E1FFD /* FeedEntity.swift in Sources */,
				03CBD237235B295E001E1FFD /* FeedBoxTableViewCell.swift in Sources */,
				03CBD215235ACF78001E1FFD /* BoxPost.swift in Sources */,
				034BA082236435D1009B06FA /* ViewFromNib.swift in Sources */,
				03DC3D16235CA15D009EC246 /* TableViewHelper.swift in Sources */,
				0319068C2359D9AD001CA6CA /* BasicService.swift in Sources */,
				03225D5C2365ED6E00025B29 /* DataRequest+Logs.swift in Sources */,
				031906612359D576001CA6CA /* AppDelegate.swift in Sources */,
				031906632359D576001CA6CA /* SceneDelegate.swift in Sources */,
				034BA07E23641D5C009B06FA /* ActionView.swift in Sources */,
				03225D5A2365AC6E00025B29 /* Closures.swift in Sources */,
				03CBD20A235ACA15001E1FFD /* AdPost.swift in Sources */,
				03CBD208235AC210001E1FFD /* VideoSessionManager.swift in Sources */,
				03CBD234235B2803001E1FFD /* FeedContentTableViewCell.swift in Sources */,
				03DC3D1B235DE3DE009EC246 /* ASVideoLayerObject.swift in Sources */,
				03CBD226235B2561001E1FFD /* FeedAssembly.swift in Sources */,
			);
			runOnlyForDeploymentPostprocessing = 0;
		};
/* End PBXSourcesBuildPhase section */

/* Begin PBXVariantGroup section */
		031906662359D576001CA6CA /* Main.storyboard */ = {
			isa = PBXVariantGroup;
			children = (
				031906672359D576001CA6CA /* Base */,
			);
			name = Main.storyboard;
			sourceTree = "<group>";
		};
		0319066B2359D578001CA6CA /* LaunchScreen.storyboard */ = {
			isa = PBXVariantGroup;
			children = (
				0319066C2359D578001CA6CA /* Base */,
			);
			name = LaunchScreen.storyboard;
			sourceTree = "<group>";
		};
/* End PBXVariantGroup section */

/* Begin XCBuildConfiguration section */
		0319066F2359D578001CA6CA /* Debug */ = {
			isa = XCBuildConfiguration;
			buildSettings = {
				ALWAYS_SEARCH_USER_PATHS = NO;
				CLANG_ANALYZER_NONNULL = YES;
				CLANG_ANALYZER_NUMBER_OBJECT_CONVERSION = YES_AGGRESSIVE;
				CLANG_CXX_LANGUAGE_STANDARD = "gnu++14";
				CLANG_CXX_LIBRARY = "libc++";
				CLANG_ENABLE_MODULES = YES;
				CLANG_ENABLE_OBJC_ARC = YES;
				CLANG_ENABLE_OBJC_WEAK = YES;
				CLANG_WARN_BLOCK_CAPTURE_AUTORELEASING = YES;
				CLANG_WARN_BOOL_CONVERSION = YES;
				CLANG_WARN_COMMA = YES;
				CLANG_WARN_CONSTANT_CONVERSION = YES;
				CLANG_WARN_DEPRECATED_OBJC_IMPLEMENTATIONS = YES;
				CLANG_WARN_DIRECT_OBJC_ISA_USAGE = YES_ERROR;
				CLANG_WARN_DOCUMENTATION_COMMENTS = YES;
				CLANG_WARN_EMPTY_BODY = YES;
				CLANG_WARN_ENUM_CONVERSION = YES;
				CLANG_WARN_INFINITE_RECURSION = YES;
				CLANG_WARN_INT_CONVERSION = YES;
				CLANG_WARN_NON_LITERAL_NULL_CONVERSION = YES;
				CLANG_WARN_OBJC_IMPLICIT_RETAIN_SELF = YES;
				CLANG_WARN_OBJC_LITERAL_CONVERSION = YES;
				CLANG_WARN_OBJC_ROOT_CLASS = YES_ERROR;
				CLANG_WARN_RANGE_LOOP_ANALYSIS = YES;
				CLANG_WARN_STRICT_PROTOTYPES = YES;
				CLANG_WARN_SUSPICIOUS_MOVE = YES;
				CLANG_WARN_UNGUARDED_AVAILABILITY = YES_AGGRESSIVE;
				CLANG_WARN_UNREACHABLE_CODE = YES;
				CLANG_WARN__DUPLICATE_METHOD_MATCH = YES;
				COPY_PHASE_STRIP = NO;
				DEBUG_INFORMATION_FORMAT = dwarf;
				ENABLE_STRICT_OBJC_MSGSEND = YES;
				ENABLE_TESTABILITY = YES;
				GCC_C_LANGUAGE_STANDARD = gnu11;
				GCC_DYNAMIC_NO_PIC = NO;
				GCC_NO_COMMON_BLOCKS = YES;
				GCC_OPTIMIZATION_LEVEL = 0;
				GCC_PREPROCESSOR_DEFINITIONS = (
					"DEBUG=1",
					"$(inherited)",
				);
				GCC_WARN_64_TO_32_BIT_CONVERSION = YES;
				GCC_WARN_ABOUT_RETURN_TYPE = YES_ERROR;
				GCC_WARN_UNDECLARED_SELECTOR = YES;
				GCC_WARN_UNINITIALIZED_AUTOS = YES_AGGRESSIVE;
				GCC_WARN_UNUSED_FUNCTION = YES;
				GCC_WARN_UNUSED_VARIABLE = YES;
				IPHONEOS_DEPLOYMENT_TARGET = 13.0;
				MTL_ENABLE_DEBUG_INFO = INCLUDE_SOURCE;
				MTL_FAST_MATH = YES;
				ONLY_ACTIVE_ARCH = YES;
				SDKROOT = iphoneos;
				SWIFT_ACTIVE_COMPILATION_CONDITIONS = DEBUG;
				SWIFT_OPTIMIZATION_LEVEL = "-Onone";
			};
			name = Debug;
		};
		031906702359D578001CA6CA /* Release */ = {
			isa = XCBuildConfiguration;
			buildSettings = {
				ALWAYS_SEARCH_USER_PATHS = NO;
				CLANG_ANALYZER_NONNULL = YES;
				CLANG_ANALYZER_NUMBER_OBJECT_CONVERSION = YES_AGGRESSIVE;
				CLANG_CXX_LANGUAGE_STANDARD = "gnu++14";
				CLANG_CXX_LIBRARY = "libc++";
				CLANG_ENABLE_MODULES = YES;
				CLANG_ENABLE_OBJC_ARC = YES;
				CLANG_ENABLE_OBJC_WEAK = YES;
				CLANG_WARN_BLOCK_CAPTURE_AUTORELEASING = YES;
				CLANG_WARN_BOOL_CONVERSION = YES;
				CLANG_WARN_COMMA = YES;
				CLANG_WARN_CONSTANT_CONVERSION = YES;
				CLANG_WARN_DEPRECATED_OBJC_IMPLEMENTATIONS = YES;
				CLANG_WARN_DIRECT_OBJC_ISA_USAGE = YES_ERROR;
				CLANG_WARN_DOCUMENTATION_COMMENTS = YES;
				CLANG_WARN_EMPTY_BODY = YES;
				CLANG_WARN_ENUM_CONVERSION = YES;
				CLANG_WARN_INFINITE_RECURSION = YES;
				CLANG_WARN_INT_CONVERSION = YES;
				CLANG_WARN_NON_LITERAL_NULL_CONVERSION = YES;
				CLANG_WARN_OBJC_IMPLICIT_RETAIN_SELF = YES;
				CLANG_WARN_OBJC_LITERAL_CONVERSION = YES;
				CLANG_WARN_OBJC_ROOT_CLASS = YES_ERROR;
				CLANG_WARN_RANGE_LOOP_ANALYSIS = YES;
				CLANG_WARN_STRICT_PROTOTYPES = YES;
				CLANG_WARN_SUSPICIOUS_MOVE = YES;
				CLANG_WARN_UNGUARDED_AVAILABILITY = YES_AGGRESSIVE;
				CLANG_WARN_UNREACHABLE_CODE = YES;
				CLANG_WARN__DUPLICATE_METHOD_MATCH = YES;
				COPY_PHASE_STRIP = NO;
				DEBUG_INFORMATION_FORMAT = "dwarf-with-dsym";
				ENABLE_NS_ASSERTIONS = NO;
				ENABLE_STRICT_OBJC_MSGSEND = YES;
				GCC_C_LANGUAGE_STANDARD = gnu11;
				GCC_NO_COMMON_BLOCKS = YES;
				GCC_WARN_64_TO_32_BIT_CONVERSION = YES;
				GCC_WARN_ABOUT_RETURN_TYPE = YES_ERROR;
				GCC_WARN_UNDECLARED_SELECTOR = YES;
				GCC_WARN_UNINITIALIZED_AUTOS = YES_AGGRESSIVE;
				GCC_WARN_UNUSED_FUNCTION = YES;
				GCC_WARN_UNUSED_VARIABLE = YES;
				IPHONEOS_DEPLOYMENT_TARGET = 13.0;
				MTL_ENABLE_DEBUG_INFO = NO;
				MTL_FAST_MATH = YES;
				SDKROOT = iphoneos;
				SWIFT_COMPILATION_MODE = wholemodule;
				SWIFT_OPTIMIZATION_LEVEL = "-O";
				VALIDATE_PRODUCT = YES;
			};
			name = Release;
		};
		031906722359D578001CA6CA /* Debug */ = {
			isa = XCBuildConfiguration;
			baseConfigurationReference = 9D54DE6D9D9D9E927B582868 /* Pods-videoApp.debug.xcconfig */;
			buildSettings = {
				ASSETCATALOG_COMPILER_APPICON_NAME = AppIcon;
				CODE_SIGN_STYLE = Automatic;
				DEVELOPMENT_TEAM = J8HHTT2TZL;
				INFOPLIST_FILE = videoApp/Info.plist;
				LD_RUNPATH_SEARCH_PATHS = (
					"$(inherited)",
					"@executable_path/Frameworks",
				);
				PRODUCT_BUNDLE_IDENTIFIER = ovorona.videoApp;
				PRODUCT_NAME = "$(TARGET_NAME)";
				SWIFT_VERSION = 5.0;
				TARGETED_DEVICE_FAMILY = "1,2";
			};
			name = Debug;
		};
		031906732359D578001CA6CA /* Release */ = {
			isa = XCBuildConfiguration;
			baseConfigurationReference = BF1EAE35D74262E5AD5C7FC5 /* Pods-videoApp.release.xcconfig */;
			buildSettings = {
				ASSETCATALOG_COMPILER_APPICON_NAME = AppIcon;
				CODE_SIGN_STYLE = Automatic;
				DEVELOPMENT_TEAM = J8HHTT2TZL;
				INFOPLIST_FILE = videoApp/Info.plist;
				LD_RUNPATH_SEARCH_PATHS = (
					"$(inherited)",
					"@executable_path/Frameworks",
				);
				PRODUCT_BUNDLE_IDENTIFIER = ovorona.videoApp;
				PRODUCT_NAME = "$(TARGET_NAME)";
				SWIFT_VERSION = 5.0;
				TARGETED_DEVICE_FAMILY = "1,2";
			};
			name = Release;
		};
/* End XCBuildConfiguration section */

/* Begin XCConfigurationList section */
		031906582359D576001CA6CA /* Build configuration list for PBXProject "videoApp" */ = {
			isa = XCConfigurationList;
			buildConfigurations = (
				0319066F2359D578001CA6CA /* Debug */,
				031906702359D578001CA6CA /* Release */,
			);
			defaultConfigurationIsVisible = 0;
			defaultConfigurationName = Release;
		};
		031906712359D578001CA6CA /* Build configuration list for PBXNativeTarget "videoApp" */ = {
			isa = XCConfigurationList;
			buildConfigurations = (
				031906722359D578001CA6CA /* Debug */,
				031906732359D578001CA6CA /* Release */,
			);
			defaultConfigurationIsVisible = 0;
			defaultConfigurationName = Release;
		};
/* End XCConfigurationList section */
	};
	rootObject = 031906552359D576001CA6CA /* Project object */;
}
